// !$*UTF8*$!
{
	archiveVersion = 1;
	classes = {
	};
	objectVersion = 46;
	objects = {

/* Begin PBXBuildFile section */
		69B882D51B28B65C0061ABFC /* AppDelegate.swift in Sources */ = {isa = PBXBuildFile; fileRef = 69B882D41B28B65C0061ABFC /* AppDelegate.swift */; };
		69B882D71B28B65C0061ABFC /* FirstViewController.swift in Sources */ = {isa = PBXBuildFile; fileRef = 69B882D61B28B65C0061ABFC /* FirstViewController.swift */; };
		69B882D91B28B65C0061ABFC /* SecondViewController.swift in Sources */ = {isa = PBXBuildFile; fileRef = 69B882D81B28B65C0061ABFC /* SecondViewController.swift */; };
		69B882DC1B28B65C0061ABFC /* Main.storyboard in Resources */ = {isa = PBXBuildFile; fileRef = 69B882DA1B28B65C0061ABFC /* Main.storyboard */; };
		69B882DE1B28B65C0061ABFC /* Images.xcassets in Resources */ = {isa = PBXBuildFile; fileRef = 69B882DD1B28B65C0061ABFC /* Images.xcassets */; };
		69B882E11B28B65C0061ABFC /* LaunchScreen.xib in Resources */ = {isa = PBXBuildFile; fileRef = 69B882DF1B28B65C0061ABFC /* LaunchScreen.xib */; };
		69B882ED1B28B65C0061ABFC /* bibleTests.swift in Sources */ = {isa = PBXBuildFile; fileRef = 69B882EC1B28B65C0061ABFC /* bibleTests.swift */; };
		69B883001B28B6D60061ABFC /* InterfaceController.swift in Sources */ = {isa = PBXBuildFile; fileRef = 69B882FF1B28B6D60061ABFC /* InterfaceController.swift */; };
		69B883021B28B6D60061ABFC /* NotificationController.swift in Sources */ = {isa = PBXBuildFile; fileRef = 69B883011B28B6D60061ABFC /* NotificationController.swift */; };
		69B883041B28B6D60061ABFC /* GlanceController.swift in Sources */ = {isa = PBXBuildFile; fileRef = 69B883031B28B6D60061ABFC /* GlanceController.swift */; };
		69B883061B28B6D60061ABFC /* Images.xcassets in Resources */ = {isa = PBXBuildFile; fileRef = 69B883051B28B6D60061ABFC /* Images.xcassets */; };
		69B8830A1B28B6D70061ABFC /* bible WatchKit App.app in Resources */ = {isa = PBXBuildFile; fileRef = 69B883091B28B6D70061ABFC /* bible WatchKit App.app */; };
		69B883121B28B6D70061ABFC /* Interface.storyboard in Resources */ = {isa = PBXBuildFile; fileRef = 69B883101B28B6D70061ABFC /* Interface.storyboard */; };
		69B883141B28B6D70061ABFC /* Images.xcassets in Resources */ = {isa = PBXBuildFile; fileRef = 69B883131B28B6D70061ABFC /* Images.xcassets */; };
		69B883171B28B6D70061ABFC /* bible WatchKit Extension.appex in Embed App Extensions */ = {isa = PBXBuildFile; fileRef = 69B882FA1B28B6D60061ABFC /* bible WatchKit Extension.appex */; settings = {ATTRIBUTES = (RemoveHeadersOnCopy, ); }; };
/* End PBXBuildFile section */

/* Begin PBXContainerItemProxy section */
		69B882E71B28B65C0061ABFC /* PBXContainerItemProxy */ = {
			isa = PBXContainerItemProxy;
			containerPortal = 69B882C71B28B65C0061ABFC /* Project object */;
			proxyType = 1;
			remoteGlobalIDString = 69B882CE1B28B65C0061ABFC;
			remoteInfo = bible;
		};
		69B8830B1B28B6D70061ABFC /* PBXContainerItemProxy */ = {
			isa = PBXContainerItemProxy;
			containerPortal = 69B882C71B28B65C0061ABFC /* Project object */;
			proxyType = 1;
			remoteGlobalIDString = 69B883081B28B6D70061ABFC;
			remoteInfo = "bible WatchKit App";
		};
		69B883151B28B6D70061ABFC /* PBXContainerItemProxy */ = {
			isa = PBXContainerItemProxy;
			containerPortal = 69B882C71B28B65C0061ABFC /* Project object */;
			proxyType = 1;
			remoteGlobalIDString = 69B882F91B28B6D60061ABFC;
			remoteInfo = "bible WatchKit Extension";
		};
/* End PBXContainerItemProxy section */

/* Begin PBXCopyFilesBuildPhase section */
		69B8831E1B28B6D70061ABFC /* Embed App Extensions */ = {
			isa = PBXCopyFilesBuildPhase;
			buildActionMask = 2147483647;
			dstPath = "";
			dstSubfolderSpec = 13;
			files = (
				69B883171B28B6D70061ABFC /* bible WatchKit Extension.appex in Embed App Extensions */,
			);
			name = "Embed App Extensions";
			runOnlyForDeploymentPostprocessing = 0;
		};
/* End PBXCopyFilesBuildPhase section */

/* Begin PBXFileReference section */
		69B882CF1B28B65C0061ABFC /* bible.app */ = {isa = PBXFileReference; explicitFileType = wrapper.application; includeInIndex = 0; path = bible.app; sourceTree = BUILT_PRODUCTS_DIR; };
		69B882D31B28B65C0061ABFC /* Info.plist */ = {isa = PBXFileReference; lastKnownFileType = text.plist.xml; path = Info.plist; sourceTree = "<group>"; };
		69B882D41B28B65C0061ABFC /* AppDelegate.swift */ = {isa = PBXFileReference; lastKnownFileType = sourcecode.swift; path = AppDelegate.swift; sourceTree = "<group>"; };
		69B882D61B28B65C0061ABFC /* FirstViewController.swift */ = {isa = PBXFileReference; lastKnownFileType = sourcecode.swift; path = FirstViewController.swift; sourceTree = "<group>"; };
		69B882D81B28B65C0061ABFC /* SecondViewController.swift */ = {isa = PBXFileReference; lastKnownFileType = sourcecode.swift; path = SecondViewController.swift; sourceTree = "<group>"; };
		69B882DB1B28B65C0061ABFC /* Base */ = {isa = PBXFileReference; lastKnownFileType = file.storyboard; name = Base; path = Base.lproj/Main.storyboard; sourceTree = "<group>"; };
		69B882DD1B28B65C0061ABFC /* Images.xcassets */ = {isa = PBXFileReference; lastKnownFileType = folder.assetcatalog; path = Images.xcassets; sourceTree = "<group>"; };
		69B882E01B28B65C0061ABFC /* Base */ = {isa = PBXFileReference; lastKnownFileType = file.xib; name = Base; path = Base.lproj/LaunchScreen.xib; sourceTree = "<group>"; };
		69B882E61B28B65C0061ABFC /* bibleTests.xctest */ = {isa = PBXFileReference; explicitFileType = wrapper.cfbundle; includeInIndex = 0; path = bibleTests.xctest; sourceTree = BUILT_PRODUCTS_DIR; };
		69B882EB1B28B65C0061ABFC /* Info.plist */ = {isa = PBXFileReference; lastKnownFileType = text.plist.xml; path = Info.plist; sourceTree = "<group>"; };
		69B882EC1B28B65C0061ABFC /* bibleTests.swift */ = {isa = PBXFileReference; lastKnownFileType = sourcecode.swift; path = bibleTests.swift; sourceTree = "<group>"; };
		69B882FA1B28B6D60061ABFC /* bible WatchKit Extension.appex */ = {isa = PBXFileReference; explicitFileType = "wrapper.app-extension"; includeInIndex = 0; path = "bible WatchKit Extension.appex"; sourceTree = BUILT_PRODUCTS_DIR; };
		69B882FD1B28B6D60061ABFC /* Info.plist */ = {isa = PBXFileReference; lastKnownFileType = text.plist.xml; path = Info.plist; sourceTree = "<group>"; };
		69B882FE1B28B6D60061ABFC /* PushNotificationPayload.apns */ = {isa = PBXFileReference; lastKnownFileType = text; path = PushNotificationPayload.apns; sourceTree = "<group>"; };
		69B882FF1B28B6D60061ABFC /* InterfaceController.swift */ = {isa = PBXFileReference; lastKnownFileType = sourcecode.swift; path = InterfaceController.swift; sourceTree = "<group>"; };
		69B883011B28B6D60061ABFC /* NotificationController.swift */ = {isa = PBXFileReference; lastKnownFileType = sourcecode.swift; path = NotificationController.swift; sourceTree = "<group>"; };
		69B883031B28B6D60061ABFC /* GlanceController.swift */ = {isa = PBXFileReference; lastKnownFileType = sourcecode.swift; path = GlanceController.swift; sourceTree = "<group>"; };
		69B883051B28B6D60061ABFC /* Images.xcassets */ = {isa = PBXFileReference; lastKnownFileType = folder.assetcatalog; path = Images.xcassets; sourceTree = "<group>"; };
		69B883091B28B6D70061ABFC /* bible WatchKit App.app */ = {isa = PBXFileReference; explicitFileType = wrapper.application; includeInIndex = 0; path = "bible WatchKit App.app"; sourceTree = BUILT_PRODUCTS_DIR; };
		69B8830F1B28B6D70061ABFC /* Info.plist */ = {isa = PBXFileReference; lastKnownFileType = text.plist.xml; path = Info.plist; sourceTree = "<group>"; };
		69B883111B28B6D70061ABFC /* Base */ = {isa = PBXFileReference; lastKnownFileType = file.storyboard; name = Base; path = Base.lproj/Interface.storyboard; sourceTree = "<group>"; };
		69B883131B28B6D70061ABFC /* Images.xcassets */ = {isa = PBXFileReference; lastKnownFileType = folder.assetcatalog; path = Images.xcassets; sourceTree = "<group>"; };
/* End PBXFileReference section */

/* Begin PBXFrameworksBuildPhase section */
		69B882CC1B28B65C0061ABFC /* Frameworks */ = {
			isa = PBXFrameworksBuildPhase;
			buildActionMask = 2147483647;
			files = (
			);
			runOnlyForDeploymentPostprocessing = 0;
		};
		69B882E31B28B65C0061ABFC /* Frameworks */ = {
			isa = PBXFrameworksBuildPhase;
			buildActionMask = 2147483647;
			files = (
			);
			runOnlyForDeploymentPostprocessing = 0;
		};
		69B882F71B28B6D60061ABFC /* Frameworks */ = {
			isa = PBXFrameworksBuildPhase;
			buildActionMask = 2147483647;
			files = (
			);
			runOnlyForDeploymentPostprocessing = 0;
		};
/* End PBXFrameworksBuildPhase section */

/* Begin PBXGroup section */
		69B882C61B28B65C0061ABFC = {
			isa = PBXGroup;
			children = (
				69B882D11B28B65C0061ABFC /* bible */,
				69B882E91B28B65C0061ABFC /* bibleTests */,
				69B882FB1B28B6D60061ABFC /* bible WatchKit Extension */,
				69B8830D1B28B6D70061ABFC /* bible WatchKit App */,
				69B882D01B28B65C0061ABFC /* Products */,
			);
			sourceTree = "<group>";
		};
		69B882D01B28B65C0061ABFC /* Products */ = {
			isa = PBXGroup;
			children = (
				69B882CF1B28B65C0061ABFC /* bible.app */,
				69B882E61B28B65C0061ABFC /* bibleTests.xctest */,
				69B882FA1B28B6D60061ABFC /* bible WatchKit Extension.appex */,
				69B883091B28B6D70061ABFC /* bible WatchKit App.app */,
			);
			name = Products;
			sourceTree = "<group>";
		};
		69B882D11B28B65C0061ABFC /* bible */ = {
			isa = PBXGroup;
			children = (
				69B882D41B28B65C0061ABFC /* AppDelegate.swift */,
				69B882D61B28B65C0061ABFC /* FirstViewController.swift */,
				69B882D81B28B65C0061ABFC /* SecondViewController.swift */,
				69B882DA1B28B65C0061ABFC /* Main.storyboard */,
				69B882DD1B28B65C0061ABFC /* Images.xcassets */,
				69B882DF1B28B65C0061ABFC /* LaunchScreen.xib */,
				69B882D21B28B65C0061ABFC /* Supporting Files */,
			);
			path = bible;
			sourceTree = "<group>";
		};
		69B882D21B28B65C0061ABFC /* Supporting Files */ = {
			isa = PBXGroup;
			children = (
				69B882D31B28B65C0061ABFC /* Info.plist */,
			);
			name = "Supporting Files";
			sourceTree = "<group>";
		};
		69B882E91B28B65C0061ABFC /* bibleTests */ = {
			isa = PBXGroup;
			children = (
				69B882EC1B28B65C0061ABFC /* bibleTests.swift */,
				69B882EA1B28B65C0061ABFC /* Supporting Files */,
			);
			path = bibleTests;
			sourceTree = "<group>";
		};
		69B882EA1B28B65C0061ABFC /* Supporting Files */ = {
			isa = PBXGroup;
			children = (
				69B882EB1B28B65C0061ABFC /* Info.plist */,
			);
			name = "Supporting Files";
			sourceTree = "<group>";
		};
		69B882FB1B28B6D60061ABFC /* bible WatchKit Extension */ = {
			isa = PBXGroup;
			children = (
				69B882FF1B28B6D60061ABFC /* InterfaceController.swift */,
				69B883011B28B6D60061ABFC /* NotificationController.swift */,
				69B883031B28B6D60061ABFC /* GlanceController.swift */,
				69B883051B28B6D60061ABFC /* Images.xcassets */,
				69B882FC1B28B6D60061ABFC /* Supporting Files */,
			);
			path = "bible WatchKit Extension";
			sourceTree = "<group>";
		};
		69B882FC1B28B6D60061ABFC /* Supporting Files */ = {
			isa = PBXGroup;
			children = (
				69B882FD1B28B6D60061ABFC /* Info.plist */,
				69B882FE1B28B6D60061ABFC /* PushNotificationPayload.apns */,
			);
			name = "Supporting Files";
			sourceTree = "<group>";
		};
		69B8830D1B28B6D70061ABFC /* bible WatchKit App */ = {
			isa = PBXGroup;
			children = (
				69B883101B28B6D70061ABFC /* Interface.storyboard */,
				69B883131B28B6D70061ABFC /* Images.xcassets */,
				69B8830E1B28B6D70061ABFC /* Supporting Files */,
			);
			path = "bible WatchKit App";
			sourceTree = "<group>";
		};
		69B8830E1B28B6D70061ABFC /* Supporting Files */ = {
			isa = PBXGroup;
			children = (
				69B8830F1B28B6D70061ABFC /* Info.plist */,
			);
			name = "Supporting Files";
			sourceTree = "<group>";
		};
/* End PBXGroup section */

/* Begin PBXNativeTarget section */
		69B882CE1B28B65C0061ABFC /* bible */ = {
			isa = PBXNativeTarget;
			buildConfigurationList = 69B882F01B28B65C0061ABFC /* Build configuration list for PBXNativeTarget "bible" */;
			buildPhases = (
				69B882CB1B28B65C0061ABFC /* Sources */,
				69B882CC1B28B65C0061ABFC /* Frameworks */,
				69B882CD1B28B65C0061ABFC /* Resources */,
				69B8831E1B28B6D70061ABFC /* Embed App Extensions */,
			);
			buildRules = (
			);
			dependencies = (
				69B883161B28B6D70061ABFC /* PBXTargetDependency */,
			);
			name = bible;
			productName = bible;
			productReference = 69B882CF1B28B65C0061ABFC /* bible.app */;
			productType = "com.apple.product-type.application";
		};
		69B882E51B28B65C0061ABFC /* bibleTests */ = {
			isa = PBXNativeTarget;
			buildConfigurationList = 69B882F31B28B65C0061ABFC /* Build configuration list for PBXNativeTarget "bibleTests" */;
			buildPhases = (
				69B882E21B28B65C0061ABFC /* Sources */,
				69B882E31B28B65C0061ABFC /* Frameworks */,
				69B882E41B28B65C0061ABFC /* Resources */,
			);
			buildRules = (
			);
			dependencies = (
				69B882E81B28B65C0061ABFC /* PBXTargetDependency */,
			);
			name = bibleTests;
			productName = bibleTests;
			productReference = 69B882E61B28B65C0061ABFC /* bibleTests.xctest */;
			productType = "com.apple.product-type.bundle.unit-test";
		};
		69B882F91B28B6D60061ABFC /* bible WatchKit Extension */ = {
			isa = PBXNativeTarget;
			buildConfigurationList = 69B8831B1B28B6D70061ABFC /* Build configuration list for PBXNativeTarget "bible WatchKit Extension" */;
			buildPhases = (
				69B882F61B28B6D60061ABFC /* Sources */,
				69B882F71B28B6D60061ABFC /* Frameworks */,
				69B882F81B28B6D60061ABFC /* Resources */,
			);
			buildRules = (
			);
			dependencies = (
				69B8830C1B28B6D70061ABFC /* PBXTargetDependency */,
			);
			name = "bible WatchKit Extension";
			productName = "bible WatchKit Extension";
			productReference = 69B882FA1B28B6D60061ABFC /* bible WatchKit Extension.appex */;
			productType = "com.apple.product-type.watchkit-extension";
		};
		69B883081B28B6D70061ABFC /* bible WatchKit App */ = {
			isa = PBXNativeTarget;
			buildConfigurationList = 69B883181B28B6D70061ABFC /* Build configuration list for PBXNativeTarget "bible WatchKit App" */;
			buildPhases = (
				69B883071B28B6D70061ABFC /* Resources */,
			);
			buildRules = (
			);
			dependencies = (
			);
			name = "bible WatchKit App";
			productName = "bible WatchKit App";
			productReference = 69B883091B28B6D70061ABFC /* bible WatchKit App.app */;
			productType = "com.apple.product-type.application.watchapp";
		};
/* End PBXNativeTarget section */

/* Begin PBXProject section */
		69B882C71B28B65C0061ABFC /* Project object */ = {
			isa = PBXProject;
			attributes = {
				LastUpgradeCheck = 0640;
				ORGANIZATIONNAME = interpegasus;
				TargetAttributes = {
					69B882CE1B28B65C0061ABFC = {
						CreatedOnToolsVersion = 6.3.2;
					};
					69B882E51B28B65C0061ABFC = {
						CreatedOnToolsVersion = 6.3.2;
						TestTargetID = 69B882CE1B28B65C0061ABFC;
					};
					69B882F91B28B6D60061ABFC = {
						CreatedOnToolsVersion = 6.3.2;
					};
					69B883081B28B6D70061ABFC = {
						CreatedOnToolsVersion = 6.3.2;
					};
				};
			};
			buildConfigurationList = 69B882CA1B28B65C0061ABFC /* Build configuration list for PBXProject "bible" */;
			compatibilityVersion = "Xcode 3.2";
			developmentRegion = English;
			hasScannedForEncodings = 0;
			knownRegions = (
				en,
				Base,
			);
			mainGroup = 69B882C61B28B65C0061ABFC;
			productRefGroup = 69B882D01B28B65C0061ABFC /* Products */;
			projectDirPath = "";
			projectRoot = "";
			targets = (
				69B882CE1B28B65C0061ABFC /* bible */,
				69B882E51B28B65C0061ABFC /* bibleTests */,
				69B882F91B28B6D60061ABFC /* bible WatchKit Extension */,
				69B883081B28B6D70061ABFC /* bible WatchKit App */,
			);
		};
/* End PBXProject section */

/* Begin PBXResourcesBuildPhase section */
		69B882CD1B28B65C0061ABFC /* Resources */ = {
			isa = PBXResourcesBuildPhase;
			buildActionMask = 2147483647;
			files = (
				69B882DC1B28B65C0061ABFC /* Main.storyboard in Resources */,
				69B882E11B28B65C0061ABFC /* LaunchScreen.xib in Resources */,
				69B882DE1B28B65C0061ABFC /* Images.xcassets in Resources */,
			);
			runOnlyForDeploymentPostprocessing = 0;
		};
		69B882E41B28B65C0061ABFC /* Resources */ = {
			isa = PBXResourcesBuildPhase;
			buildActionMask = 2147483647;
			files = (
			);
			runOnlyForDeploymentPostprocessing = 0;
		};
		69B882F81B28B6D60061ABFC /* Resources */ = {
			isa = PBXResourcesBuildPhase;
			buildActionMask = 2147483647;
			files = (
				69B883061B28B6D60061ABFC /* Images.xcassets in Resources */,
				69B8830A1B28B6D70061ABFC /* bible WatchKit App.app in Resources */,
			);
			runOnlyForDeploymentPostprocessing = 0;
		};
		69B883071B28B6D70061ABFC /* Resources */ = {
			isa = PBXResourcesBuildPhase;
			buildActionMask = 2147483647;
			files = (
				69B883121B28B6D70061ABFC /* Interface.storyboard in Resources */,
				69B883141B28B6D70061ABFC /* Images.xcassets in Resources */,
			);
			runOnlyForDeploymentPostprocessing = 0;
		};
/* End PBXResourcesBuildPhase section */

/* Begin PBXSourcesBuildPhase section */
		69B882CB1B28B65C0061ABFC /* Sources */ = {
			isa = PBXSourcesBuildPhase;
			buildActionMask = 2147483647;
			files = (
				69B882D91B28B65C0061ABFC /* SecondViewController.swift in Sources */,
				69B882D51B28B65C0061ABFC /* AppDelegate.swift in Sources */,
				69B882D71B28B65C0061ABFC /* FirstViewController.swift in Sources */,
			);
			runOnlyForDeploymentPostprocessing = 0;
		};
		69B882E21B28B65C0061ABFC /* Sources */ = {
			isa = PBXSourcesBuildPhase;
			buildActionMask = 2147483647;
			files = (
				69B882ED1B28B65C0061ABFC /* bibleTests.swift in Sources */,
			);
			runOnlyForDeploymentPostprocessing = 0;
		};
		69B882F61B28B6D60061ABFC /* Sources */ = {
			isa = PBXSourcesBuildPhase;
			buildActionMask = 2147483647;
			files = (
				69B883021B28B6D60061ABFC /* NotificationController.swift in Sources */,
				69B883001B28B6D60061ABFC /* InterfaceController.swift in Sources */,
				69B883041B28B6D60061ABFC /* GlanceController.swift in Sources */,
			);
			runOnlyForDeploymentPostprocessing = 0;
		};
/* End PBXSourcesBuildPhase section */

/* Begin PBXTargetDependency section */
		69B882E81B28B65C0061ABFC /* PBXTargetDependency */ = {
			isa = PBXTargetDependency;
			target = 69B882CE1B28B65C0061ABFC /* bible */;
			targetProxy = 69B882E71B28B65C0061ABFC /* PBXContainerItemProxy */;
		};
		69B8830C1B28B6D70061ABFC /* PBXTargetDependency */ = {
			isa = PBXTargetDependency;
			target = 69B883081B28B6D70061ABFC /* bible WatchKit App */;
			targetProxy = 69B8830B1B28B6D70061ABFC /* PBXContainerItemProxy */;
		};
		69B883161B28B6D70061ABFC /* PBXTargetDependency */ = {
			isa = PBXTargetDependency;
			target = 69B882F91B28B6D60061ABFC /* bible WatchKit Extension */;
			targetProxy = 69B883151B28B6D70061ABFC /* PBXContainerItemProxy */;
		};
/* End PBXTargetDependency section */

/* Begin PBXVariantGroup section */
		69B882DA1B28B65C0061ABFC /* Main.storyboard */ = {
			isa = PBXVariantGroup;
			children = (
				69B882DB1B28B65C0061ABFC /* Base */,
			);
			name = Main.storyboard;
			sourceTree = "<group>";
		};
		69B882DF1B28B65C0061ABFC /* LaunchScreen.xib */ = {
			isa = PBXVariantGroup;
			children = (
				69B882E01B28B65C0061ABFC /* Base */,
			);
			name = LaunchScreen.xib;
			sourceTree = "<group>";
		};
		69B883101B28B6D70061ABFC /* Interface.storyboard */ = {
			isa = PBXVariantGroup;
			children = (
				69B883111B28B6D70061ABFC /* Base */,
			);
			name = Interface.storyboard;
			sourceTree = "<group>";
		};
/* End PBXVariantGroup section */

/* Begin XCBuildConfiguration section */
		69B882EE1B28B65C0061ABFC /* Debug */ = {
			isa = XCBuildConfiguration;
			buildSettings = {
				ALWAYS_SEARCH_USER_PATHS = NO;
				CLANG_CXX_LANGUAGE_STANDARD = "gnu++0x";
				CLANG_CXX_LIBRARY = "libc++";
				CLANG_ENABLE_MODULES = YES;
				CLANG_ENABLE_OBJC_ARC = YES;
				CLANG_WARN_BOOL_CONVERSION = YES;
				CLANG_WARN_CONSTANT_CONVERSION = YES;
				CLANG_WARN_DIRECT_OBJC_ISA_USAGE = YES_ERROR;
				CLANG_WARN_EMPTY_BODY = YES;
				CLANG_WARN_ENUM_CONVERSION = YES;
				CLANG_WARN_INT_CONVERSION = YES;
				CLANG_WARN_OBJC_ROOT_CLASS = YES_ERROR;
				CLANG_WARN_UNREACHABLE_CODE = YES;
				CLANG_WARN__DUPLICATE_METHOD_MATCH = YES;
				"CODE_SIGN_IDENTITY[sdk=iphoneos*]" = "iPhone Developer";
				COPY_PHASE_STRIP = NO;
				DEBUG_INFORMATION_FORMAT = "dwarf-with-dsym";
				ENABLE_STRICT_OBJC_MSGSEND = YES;
				GCC_C_LANGUAGE_STANDARD = gnu99;
				GCC_DYNAMIC_NO_PIC = NO;
				GCC_NO_COMMON_BLOCKS = YES;
				GCC_OPTIMIZATION_LEVEL = 0;
				GCC_PREPROCESSOR_DEFINITIONS = (
					"DEBUG=1",
					"$(inherited)",
				);
				GCC_SYMBOLS_PRIVATE_EXTERN = NO;
				GCC_WARN_64_TO_32_BIT_CONVERSION = YES;
				GCC_WARN_ABOUT_RETURN_TYPE = YES_ERROR;
				GCC_WARN_UNDECLARED_SELECTOR = YES;
				GCC_WARN_UNINITIALIZED_AUTOS = YES_AGGRESSIVE;
				GCC_WARN_UNUSED_FUNCTION = YES;
				GCC_WARN_UNUSED_VARIABLE = YES;
				IPHONEOS_DEPLOYMENT_TARGET = 8.3;
				MTL_ENABLE_DEBUG_INFO = YES;
				ONLY_ACTIVE_ARCH = YES;
				SDKROOT = iphoneos;
				SWIFT_OPTIMIZATION_LEVEL = "-Onone";
				TARGETED_DEVICE_FAMILY = "1,2";
			};
			name = Debug;
		};
		69B882EF1B28B65C0061ABFC /* Release */ = {
			isa = XCBuildConfiguration;
			buildSettings = {
				ALWAYS_SEARCH_USER_PATHS = NO;
				CLANG_CXX_LANGUAGE_STANDARD = "gnu++0x";
				CLANG_CXX_LIBRARY = "libc++";
				CLANG_ENABLE_MODULES = YES;
				CLANG_ENABLE_OBJC_ARC = YES;
				CLANG_WARN_BOOL_CONVERSION = YES;
				CLANG_WARN_CONSTANT_CONVERSION = YES;
				CLANG_WARN_DIRECT_OBJC_ISA_USAGE = YES_ERROR;
				CLANG_WARN_EMPTY_BODY = YES;
				CLANG_WARN_ENUM_CONVERSION = YES;
				CLANG_WARN_INT_CONVERSION = YES;
				CLANG_WARN_OBJC_ROOT_CLASS = YES_ERROR;
				CLANG_WARN_UNREACHABLE_CODE = YES;
				CLANG_WARN__DUPLICATE_METHOD_MATCH = YES;
				"CODE_SIGN_IDENTITY[sdk=iphoneos*]" = "iPhone Developer";
				COPY_PHASE_STRIP = NO;
				DEBUG_INFORMATION_FORMAT = "dwarf-with-dsym";
				ENABLE_NS_ASSERTIONS = NO;
				ENABLE_STRICT_OBJC_MSGSEND = YES;
				GCC_C_LANGUAGE_STANDARD = gnu99;
				GCC_NO_COMMON_BLOCKS = YES;
				GCC_WARN_64_TO_32_BIT_CONVERSION = YES;
				GCC_WARN_ABOUT_RETURN_TYPE = YES_ERROR;
				GCC_WARN_UNDECLARED_SELECTOR = YES;
				GCC_WARN_UNINITIALIZED_AUTOS = YES_AGGRESSIVE;
				GCC_WARN_UNUSED_FUNCTION = YES;
				GCC_WARN_UNUSED_VARIABLE = YES;
				IPHONEOS_DEPLOYMENT_TARGET = 8.3;
				MTL_ENABLE_DEBUG_INFO = NO;
				SDKROOT = iphoneos;
				TARGETED_DEVICE_FAMILY = "1,2";
				VALIDATE_PRODUCT = YES;
			};
			name = Release;
		};
		69B882F11B28B65C0061ABFC /* Debug */ = {
			isa = XCBuildConfiguration;
			buildSettings = {
				ASSETCATALOG_COMPILER_APPICON_NAME = AppIcon;
				INFOPLIST_FILE = bible/Info.plist;
				LD_RUNPATH_SEARCH_PATHS = "$(inherited) @executable_path/Frameworks";
				PRODUCT_NAME = "$(TARGET_NAME)";
			};
			name = Debug;
		};
		69B882F21B28B65C0061ABFC /* Release */ = {
			isa = XCBuildConfiguration;
			buildSettings = {
				ASSETCATALOG_COMPILER_APPICON_NAME = AppIcon;
				INFOPLIST_FILE = bible/Info.plist;
				LD_RUNPATH_SEARCH_PATHS = "$(inherited) @executable_path/Frameworks";
				PRODUCT_NAME = "$(TARGET_NAME)";
			};
			name = Release;
		};
		69B882F41B28B65C0061ABFC /* Debug */ = {
			isa = XCBuildConfiguration;
			buildSettings = {
				BUNDLE_LOADER = "$(TEST_HOST)";
				FRAMEWORK_SEARCH_PATHS = (
					"$(SDKROOT)/Developer/Library/Frameworks",
					"$(inherited)",
				);
				GCC_PREPROCESSOR_DEFINITIONS = (
					"DEBUG=1",
					"$(inherited)",
				);
				INFOPLIST_FILE = bibleTests/Info.plist;
				LD_RUNPATH_SEARCH_PATHS = "$(inherited) @executable_path/Frameworks @loader_path/Frameworks";
				PRODUCT_NAME = "$(TARGET_NAME)";
				TEST_HOST = "$(BUILT_PRODUCTS_DIR)/bible.app/bible";
			};
			name = Debug;
		};
		69B882F51B28B65C0061ABFC /* Release */ = {
			isa = XCBuildConfiguration;
			buildSettings = {
				BUNDLE_LOADER = "$(TEST_HOST)";
				FRAMEWORK_SEARCH_PATHS = (
					"$(SDKROOT)/Developer/Library/Frameworks",
					"$(inherited)",
				);
				INFOPLIST_FILE = bibleTests/Info.plist;
				LD_RUNPATH_SEARCH_PATHS = "$(inherited) @executable_path/Frameworks @loader_path/Frameworks";
				PRODUCT_NAME = "$(TARGET_NAME)";
				TEST_HOST = "$(BUILT_PRODUCTS_DIR)/bible.app/bible";
			};
			name = Release;
		};
		69B883191B28B6D70061ABFC /* Debug */ = {
			isa = XCBuildConfiguration;
			buildSettings = {
				ASSETCATALOG_COMPILER_APPICON_NAME = AppIcon;
				GCC_PREPROCESSOR_DEFINITIONS = (
					"DEBUG=1",
					"$(inherited)",
				);
				IBSC_MODULE = bible_WatchKit_Extension;
				INFOPLIST_FILE = "bible WatchKit App/Info.plist";
				IPHONEOS_DEPLOYMENT_TARGET = 8.2;
				PRODUCT_NAME = "$(TARGET_NAME)";
				SKIP_INSTALL = YES;
				TARGETED_DEVICE_FAMILY = 4;
				"TARGETED_DEVICE_FAMILY[sdk=iphonesimulator*]" = "1,4";
			};
			name = Debug;
		};
		69B8831A1B28B6D70061ABFC /* Release */ = {
			isa = XCBuildConfiguration;
			buildSettings = {
				ASSETCATALOG_COMPILER_APPICON_NAME = AppIcon;
				IBSC_MODULE = bible_WatchKit_Extension;
				INFOPLIST_FILE = "bible WatchKit App/Info.plist";
				IPHONEOS_DEPLOYMENT_TARGET = 8.2;
				PRODUCT_NAME = "$(TARGET_NAME)";
				SKIP_INSTALL = YES;
				TARGETED_DEVICE_FAMILY = 4;
				"TARGETED_DEVICE_FAMILY[sdk=iphonesimulator*]" = "1,4";
			};
			name = Release;
		};
		69B8831C1B28B6D70061ABFC /* Debug */ = {
			isa = XCBuildConfiguration;
			buildSettings = {
				GCC_PREPROCESSOR_DEFINITIONS = (
					"DEBUG=1",
					"$(inherited)",
				);
				INFOPLIST_FILE = "bible WatchKit Extension/Info.plist";
				LD_RUNPATH_SEARCH_PATHS = "$(inherited) @executable_path/Frameworks @executable_path/../../Frameworks";
				PRODUCT_NAME = "${TARGET_NAME}";
				SKIP_INSTALL = YES;
			};
			name = Debug;
		};
		69B8831D1B28B6D70061ABFC /* Release */ = {
			isa = XCBuildConfiguration;
			buildSettings = {
				INFOPLIST_FILE = "bible WatchKit Extension/Info.plist";
				LD_RUNPATH_SEARCH_PATHS = "$(inherited) @executable_path/Frameworks @executable_path/../../Frameworks";
				PRODUCT_NAME = "${TARGET_NAME}";
				SKIP_INSTALL = YES;
			};
			name = Release;
		};
/* End XCBuildConfiguration section */

/* Begin XCConfigurationList section */
		69B882CA1B28B65C0061ABFC /* Build configuration list for PBXProject "bible" */ = {
			isa = XCConfigurationList;
			buildConfigurations = (
				69B882EE1B28B65C0061ABFC /* Debug */,
				69B882EF1B28B65C0061ABFC /* Release */,
			);
			defaultConfigurationIsVisible = 0;
			defaultConfigurationName = Release;
		};
		69B882F01B28B65C0061ABFC /* Build configuration list for PBXNativeTarget "bible" */ = {
			isa = XCConfigurationList;
			buildConfigurations = (
				69B882F11B28B65C0061ABFC /* Debug */,
				69B882F21B28B65C0061ABFC /* Release */,
			);
			defaultConfigurationIsVisible = 0;
		};
		69B882F31B28B65C0061ABFC /* Build configuration list for PBXNativeTarget "bibleTests" */ = {
			isa = XCConfigurationList;
			buildConfigurations = (
				69B882F41B28B65C0061ABFC /* Debug */,
				69B882F51B28B65C0061ABFC /* Release */,
			);
			defaultConfigurationIsVisible = 0;
		};
		69B883181B28B6D70061ABFC /* Build configuration list for PBXNativeTarget "bible WatchKit App" */ = {
			isa = XCConfigurationList;
			buildConfigurations = (
				69B883191B28B6D70061ABFC /* Debug */,
				69B8831A1B28B6D70061ABFC /* Release */,
			);
			defaultConfigurationIsVisible = 0;
		};
		69B8831B1B28B6D70061ABFC /* Build configuration list for PBXNativeTarget "bible WatchKit Extension" */ = {
			isa = XCConfigurationList;
			buildConfigurations = (
				69B8831C1B28B6D70061ABFC /* Debug */,
				69B8831D1B28B6D70061ABFC /* Release */,
			);
			defaultConfigurationIsVisible = 0;
		};
/* End XCConfigurationList section */
	};
	rootObject = 69B882C71B28B65C0061ABFC /* Project object */;
}
